
Microsoft Visual Studio Solution File, Format Version 12.00
# Visual Studio Version 17
VisualStudioVersion = 17.12.35527.113 d17.12
MinimumVisualStudioVersion = 10.0.40219.1
Project("{FAE04EC0-301F-11D3-BF4B-00C04F79EFBC}") = "Demo", "Day4\Demo.csproj", "{5184480F-EED3-4D7A-8355-F5CDEF3934D7}"
EndProject
Project("{FAE04EC0-301F-11D3-BF4B-00C04F79EFBC}") = "Assiment", "Assiment\Assiment.csproj", "{3F1906DE-1006-4D73-9F87-22D837DF0361}"
EndProject
Global
	GlobalSection(SolutionConfigurationPlatforms) = preSolution
		Debug|Any CPU = Debug|Any CPU
		Release|Any CPU = Release|Any CPU
	EndGlobalSection
	GlobalSection(ProjectConfigurationPlatforms) = postSolution
		{5184480F-EED3-4D7A-8355-F5CDEF3934D7}.Debug|Any CPU.ActiveCfg = Debug|Any CPU
		{5184480F-EED3-4D7A-8355-F5CDEF3934D7}.Debug|Any CPU.Build.0 = Debug|Any CPU
		{5184480F-EED3-4D7A-8355-F5CDEF3934D7}.Release|Any CPU.ActiveCfg = Release|Any CPU
		{5184480F-EED3-4D7A-8355-F5CDEF3934D7}.Release|Any CPU.Build.0 = Release|Any CPU
		{3F1906DE-1006-4D73-9F87-22D837DF0361}.Debug|Any CPU.ActiveCfg = Debug|Any CPU
		{3F1906DE-1006-4D73-9F87-22D837DF0361}.Debug|Any CPU.Build.0 = Debug|Any CPU
		{3F1906DE-1006-4D73-9F87-22D837DF0361}.Release|Any CPU.ActiveCfg = Release|Any CPU
		{3F1906DE-1006-4D73-9F87-22D837DF0361}.Release|Any CPU.Build.0 = Release|Any CPU
	EndGlobalSection
	GlobalSection(SolutionProperties) = preSolution
		HideSolutionNode = FALSE
	EndGlobalSection
EndGlobal
